{
  "lockfile_version": "1",
  "packages": {
    "github:NixOS/nixpkgs/nixpkgs-unstable": {
      "last_modified": "2025-09-21T09:21:16Z",
      "resolved": "github:NixOS/nixpkgs/a1f79a1770d05af18111fbbe2a3ab2c42c0f6cd0?lastModified=1758446476&narHash=sha256-5rdAi7CTvM%2FkSs6fHe1bREIva5W3TbImsto%2BdxG4mBo%3D"
    },
    "nodejs@20.16.0": {
      "last_modified": "2024-08-31T10:12:23Z",
      "plugin_version": "0.0.2",
      "resolved": "github:NixOS/nixpkgs/5629520edecb69630a3f4d17d3d33fc96c13f6fe#nodejs_20",
      "source": "devbox-search",
      "version": "20.16.0",
      "systems": {
        "aarch64-darwin": {
          "outputs": [
            {
              "name": "out",
              "path": "/nix/store/iikbj8fwd3msxvh747v22b0gpf1rckww-nodejs-20.16.0",
              "default": true
            },
            {
              "name": "libv8",
              "path": "/nix/store/clzfgrh8fmzgr8jmv2266b30qh4mqlxa-nodejs-20.16.0-libv8"
            }
          ],
          "store_path": "/nix/store/iikbj8fwd3msxvh747v22b0gpf1rckww-nodejs-20.16.0"
        },
        "aarch64-linux": {
          "outputs": [
            {
              "name": "out",
              "path": "/nix/store/rbv8jmnhifp2znxc4issvl7zgmy7f24j-nodejs-20.16.0",
              "default": true
            },
            {
              "name": "libv8",
              "path": "/nix/store/2hqnq9snccm7n7346k5bqj657mp85lb3-nodejs-20.16.0-libv8"
            }
          ],
          "store_path": "/nix/store/rbv8jmnhifp2znxc4issvl7zgmy7f24j-nodejs-20.16.0"
        },
        "x86_64-darwin": {
          "outputs": [
            {
              "name": "out",
              "path": "/nix/store/azpkc2aw75nabkv9pq07j4rxw92fm7i6-nodejs-20.16.0",
              "default": true
            },
            {
              "name": "libv8",
              "path": "/nix/store/8qjcn62342vpl6r1l9f22l901fj8cqbc-nodejs-20.16.0-libv8"
            }
          ],
          "store_path": "/nix/store/azpkc2aw75nabkv9pq07j4rxw92fm7i6-nodejs-20.16.0"
        },
        "x86_64-linux": {
          "outputs": [
            {
              "name": "out",
              "path": "/nix/store/alik5i1lm5kfm61fh3pg221czk7pmv4g-nodejs-20.16.0",
              "default": true
            },
            {
              "name": "libv8",
              "path": "/nix/store/sl8zwksqc08asblhr5r36dlhzy6brmpk-nodejs-20.16.0-libv8"
            }
          ],
          "store_path": "/nix/store/alik5i1lm5kfm61fh3pg221czk7pmv4g-nodejs-20.16.0"
        }
      }
    }
  }
}
