# THIS IS AN AUTOGENERATED FILE. DO NOT EDIT THIS FILE DIRECTLY.
# yarn lockfile v1


"@changesets/get-github-info@^0.5.0":
  version "0.5.0"
  resolved "https://registry.yarnpkg.com/@changesets/get-github-info/-/get-github-info-0.5.0.tgz#b91ceb2d82edef78ae1598ea9fc335a012250295"
  integrity sha512-vm5VgHwrxkMkUjFyn3UVNKLbDp9YMHd3vMf1IyJoa/7B+6VpqmtAaXyDS0zBLfN5bhzVCHrRnj4GcZXXcqrFTw==
  dependencies:
    dataloader "^1.4.0"
    node-fetch "^2.5.0"

"@changesets/parse@^0.3.9":
  version "0.3.9"
  resolved "https://registry.yarnpkg.com/@changesets/parse/-/parse-0.3.9.tgz#c518792b05f15ab418d58dc1cea81601556e845e"
  integrity sha512-XoTEkMpvRRVxSlhvOaK4YSFM+RZhYFTksxRh7ieNkb6pMxkpq8MOYSi/07BuqkODn4dJEMOoSy3RzL99P6FyqA==
  dependencies:
    "@changesets/types" "^4.0.1"
    js-yaml "^3.13.1"

"@changesets/types@^4.0.1":
  version "4.0.1"
  resolved "https://registry.yarnpkg.com/@changesets/types/-/types-4.0.1.tgz#85cf3cc32baff0691112d9d15fc21fbe022c9f0a"
  integrity sha512-zVfv752D8K2tjyFmxU/vnntQ+dPu+9NupOSguA/2Zuym4tVxRh0ylArgKZ1bOAi2eXfGlZMxJU/kj7uCSI15RQ==

argparse@^1.0.7:
  version "1.0.10"
  resolved "https://registry.yarnpkg.com/argparse/-/argparse-1.0.10.tgz#bcd6791ea5ae09725e17e5ad988134cd40b3d911"
  integrity sha512-o5Roy6tNG4SL/FOkCAN6RzjiakZS25RLYFrcMttJqbdd8BWrnA+fGz57iN5Pb06pvBGvl5gQ0B48dJlslXvoTg==
  dependencies:
    sprintf-js "~1.0.2"

dataloader@^1.4.0:
  version "1.4.0"
  resolved "https://registry.yarnpkg.com/dataloader/-/dataloader-1.4.0.tgz#bca11d867f5d3f1b9ed9f737bd15970c65dff5c8"
  integrity sha512-68s5jYdlvasItOJnCuI2Q9s4q98g0pCyL3HrcKJu8KNugUl8ahgmZYg38ysLTgQjjXX3H8CJLkAvWrclWfcalw==

dotenv@^8.1.0:
  version "8.6.0"
  resolved "https://registry.yarnpkg.com/dotenv/-/dotenv-8.6.0.tgz#061af664d19f7f4d8fc6e4ff9b584ce237adcb8b"
  integrity sha512-IrPdXQsk2BbzvCBGBOTmmSH5SodmqZNt4ERAZDmW4CT+tL8VtvinqywuANaFu4bOMWki16nqf0e4oC0QIaDr/g==

esprima@^4.0.0:
  version "4.0.1"
  resolved "https://registry.yarnpkg.com/esprima/-/esprima-4.0.1.tgz#13b04cdb3e6c5d19df91ab6987a8695619b0aa71"
  integrity sha512-eGuFFw7Upda+g4p+QHvnW0RyTX/SVeJBDM/gCtMARO0cLuT2HcEKnTPvhjV6aGeqrCB/sbNop0Kszm0jsaWU4A==

js-yaml@^3.13.1:
  version "3.14.1"
  resolved "https://registry.yarnpkg.com/js-yaml/-/js-yaml-3.14.1.tgz#dae812fdb3825fa306609a8717383c50c36a0537"
  integrity sha512-okMH7OXXJ7YrN9Ok3/SXrnu4iX9yOk+25nqX4imS2npuvTYDmo/QEZoqwZkYaIDk3jVvBOTOIEgEhaLOynBS9g==
  dependencies:
    argparse "^1.0.7"
    esprima "^4.0.0"

node-fetch@^2.5.0:
  version "2.6.2"
  resolved "https://registry.yarnpkg.com/node-fetch/-/node-fetch-2.6.2.tgz#986996818b73785e47b1965cc34eb093a1d464d0"
  integrity sha512-aLoxToI6RfZ+0NOjmWAgn9+LEd30YCkJKFSyWacNZdEKTit/ZMcKjGkTRo8uWEsnIb/hfKecNPEbln02PdWbcA==

sprintf-js@~1.0.2:
  version "1.0.3"
  resolved "https://registry.yarnpkg.com/sprintf-js/-/sprintf-js-1.0.3.tgz#04e6926f662895354f3dd015203633b857297e2c"
  integrity sha1-BOaSb2YolTVPPdAVIDYzuFcpfiw=
